# This file is autogenerated, do not edit; changes may be undone by the next 'dep ensure'.


[[projects]]
  digest = "1:3c753679736345f50125ae993e0a2614da126859921ea7faeecda6d217501ce2"
  name = "github.com/agext/levenshtein"
  packages = ["."]
  pruneopts = ""
  revision = "0ded9c86537917af2ff89bc9c78de6bd58477894"
  version = "v1.2.2"

[[projects]]
  digest = "1:88582b880b0505525e5df57a02651688aecd489c7919f8a642d9a092e282d24a"
  name = "github.com/apparentlymart/go-textseg"
  packages = ["textseg"]
  pruneopts = ""
  revision = "fb01f485ebef760e5ee06d55e1b07534dda2d295"
  version = "v1.0.0"

[[projects]]
  branch = "hcl2"
  digest = "1:31733b9676d9b935c265aa077d19e1f35bf5fcb66b137335201c27756bde449e"
  name = "github.com/hashicorp/hcl"
  packages = ["."]
  pruneopts = ""
  revision = "a545295bc8efea4730bd3c6de089c6a585da4f80"

[[projects]]
  digest = "1:713b341855f1480e4baca1e7c5434e1d266441340685ecbde32d59bdc065fb3f"
  name = "github.com/mitchellh/go-wordwrap"
  packages = ["."]
  pruneopts = ""
  revision = "9e67c67572bc5dd02aef930e2b0ae3c02a4b5a5c"
  version = "v1.0.0"

[[projects]]
  digest = "1:9f613a4d274f5557939f6a71815b44960585ca99dc9281457e07aa912ffb897c"
  name = "github.com/zclconf/go-cty"
  packages = [
    "cty",
    "cty/convert",
    "cty/function",
    "cty/set",
  ]
  pruneopts = ""
  revision = "01e2a242a65eb6f8ee372ddcea68c111fd4da15e"
  version = "v1.1.0"

[[projects]]
  digest = "1:740b51a55815493a8d0f2b1e0d0ae48fe48953bf7eaf3fcc4198823bf67768c0"
  name = "golang.org/x/text"
  packages = [
    "internal/gen",
    "internal/triegen",
    "internal/ucd",
    "transform",
    "unicode/cldr",
    "unicode/norm",
  ]
  pruneopts = ""
  revision = "342b2e1fbaa52c93f31447ad2c6abc048c63e475"
  version = "v0.3.2"

[solve-meta]
  analyzer-name = "dep"
  analyzer-version = 1
  input-imports = ["github.com/hashicorp/hcl"]
  solver-name = "gps-cdcl"
  solver-version = 1
